<?xml version="1.0"?>
<CONFIG>
  <ProjectOptions>
    <Version Value="9"/>
    <General>
      <MainUnit Value="0"/>
      <Title Value="TestCodeGenHelpers"/>
      <ResourceType Value="res"/>
      <UseXPManifest Value="True"/>
      <Icon Value="0"/>
      <ActiveWindowIndexAtStart Value="0"/>
    </General>
    <i18n>
      <EnableI18N LFM="False"/>
    </i18n>
    <VersionInfo>
      <StringTable ProductVersion=""/>
    </VersionInfo>
    <BuildModes Count="1" Active="Default">
      <Item1 Name="Default" Default="True"/>
    </BuildModes>
    <PublishOptions>
      <Version Value="2"/>
      <IncludeFileFilter Value="*.(pas|pp|inc|lfm|lpr|lrs|lpi|lpk|sh|xml)"/>
      <ExcludeFileFilter Value="*.(bak|ppu|o|so);*~;backup"/>
    </PublishOptions>
    <RunParams>
      <local>
        <FormatVersion Value="1"/>
      </local>
    </RunParams>
    <RequiredPackages Count="3">
      <Item1>
        <PackageName Value="FPCUnitTestRunner"/>
      </Item1>
      <Item2>
        <PackageName Value="LCL"/>
      </Item2>
      <Item3>
        <PackageName Value="FCL"/>
      </Item3>
    </RequiredPackages>
    <Units Count="10">
      <Unit0>
        <Filename Value="TestCodeGenHelpers.lpr"/>
        <IsPartOfProject Value="True"/>
        <UnitName Value="TestCodeGenHelpers"/>
        <EditorIndex Value="0"/>
        <WindowIndex Value="0"/>
        <TopLine Value="1"/>
        <CursorPos X="39" Y="17"/>
        <UsageCount Value="40"/>
        <Loaded Value="True"/>
      </Unit0>
      <Unit1>
        <Filename Value="testcase1.pas"/>
        <UnitName Value="TestCase1"/>
        <WindowIndex Value="0"/>
        <TopLine Value="1"/>
        <CursorPos X="41" Y="11"/>
        <UsageCount Value="25"/>
      </Unit1>
      <Unit2>
        <Filename Value="src/test/testcghequalsprimitive.pas"/>
        <IsPartOfProject Value="True"/>
        <UnitName Value="TestCghEqualsPrimitive"/>
        <EditorIndex Value="3"/>
        <WindowIndex Value="0"/>
        <TopLine Value="1"/>
        <CursorPos X="57" Y="8"/>
        <UsageCount Value="39"/>
        <Loaded Value="True"/>
      </Unit2>
      <Unit3>
        <Filename Value="/usr/lib64/lazarus/components/fpcunit/guitestrunner.pas"/>
        <UnitName Value="GuiTestRunner"/>
        <WindowIndex Value="0"/>
        <TopLine Value="114"/>
        <CursorPos X="28" Y="131"/>
        <UsageCount Value="8"/>
      </Unit3>
      <Unit4>
        <Filename Value="src/main/equals.pas"/>
        <UnitName Value="Equals"/>
        <IsVisibleTab Value="True"/>
        <EditorIndex Value="1"/>
        <WindowIndex Value="0"/>
        <TopLine Value="2"/>
        <CursorPos X="22" Y="8"/>
        <UsageCount Value="20"/>
        <Loaded Value="True"/>
      </Unit4>
      <Unit5>
        <Filename Value="src/main/cghequalsprimitive.pas"/>
        <IsPartOfProject Value="True"/>
        <UnitName Value="CghEqualsPrimitive"/>
        <WindowIndex Value="0"/>
        <TopLine Value="1"/>
        <CursorPos X="1" Y="29"/>
        <UsageCount Value="40"/>
        <Bookmarks Count="1">
          <Item0 X="1" Y="147" ID="7"/>
        </Bookmarks>
      </Unit5>
      <Unit6>
        <Filename Value="/usr/share/fpcsrc/rtl/inc/objpash.inc"/>
        <WindowIndex Value="0"/>
        <TopLine Value="182"/>
        <CursorPos X="70" Y="202"/>
        <UsageCount Value="10"/>
      </Unit6>
      <Unit7>
        <Filename Value="src/main/listutils.pas"/>
        <IsPartOfProject Value="True"/>
        <UnitName Value="listutils"/>
        <WindowIndex Value="0"/>
        <TopLine Value="1"/>
        <CursorPos X="1" Y="10"/>
        <UsageCount Value="35"/>
      </Unit7>
      <Unit8>
        <Filename Value="src/main/cghequalscomplex.pas"/>
        <IsPartOfProject Value="True"/>
        <UnitName Value="CghEqualsComplex"/>
        <EditorIndex Value="2"/>
        <WindowIndex Value="0"/>
        <TopLine Value="31"/>
        <CursorPos X="1" Y="51"/>
        <UsageCount Value="22"/>
        <Loaded Value="True"/>
      </Unit8>
      <Unit9>
        <Filename Value="src/test/testcghequalscomplex.pas"/>
        <IsPartOfProject Value="True"/>
        <UnitName Value="TestCghEqualsComplex"/>
        <EditorIndex Value="4"/>
        <WindowIndex Value="0"/>
        <TopLine Value="1"/>
        <CursorPos X="31" Y="8"/>
        <UsageCount Value="21"/>
        <Loaded Value="True"/>
      </Unit9>
    </Units>
    <JumpHistory Count="18" HistoryIndex="17">
      <Position1>
        <Filename Value="TestCodeGenHelpers.lpr"/>
        <Caret Line="17" Column="22" TopLine="1"/>
      </Position1>
      <Position2>
        <Filename Value="TestCodeGenHelpers.lpr"/>
        <Caret Line="1" Column="1" TopLine="1"/>
      </Position2>
      <Position3>
        <Filename Value="TestCodeGenHelpers.lpr"/>
        <Caret Line="17" Column="55" TopLine="1"/>
      </Position3>
      <Position4>
        <Filename Value="TestCodeGenHelpers.lpr"/>
        <Caret Line="1" Column="1" TopLine="1"/>
      </Position4>
      <Position5>
        <Filename Value="TestCodeGenHelpers.lpr"/>
        <Caret Line="17" Column="58" TopLine="1"/>
      </Position5>
      <Position6>
        <Filename Value="TestCodeGenHelpers.lpr"/>
        <Caret Line="1" Column="1" TopLine="1"/>
      </Position6>
      <Position7>
        <Filename Value="TestCodeGenHelpers.lpr"/>
        <Caret Line="17" Column="63" TopLine="1"/>
      </Position7>
      <Position8>
        <Filename Value="src/main/equals.pas"/>
        <Caret Line="6" Column="21" TopLine="1"/>
      </Position8>
      <Position9>
        <Filename Value="src/test/testcghequalsprimitive.pas"/>
        <Caret Line="91" Column="1" TopLine="55"/>
      </Position9>
      <Position10>
        <Filename Value="src/test/testcghequalsprimitive.pas"/>
        <Caret Line="8" Column="59" TopLine="1"/>
      </Position10>
      <Position11>
        <Filename Value="src/test/testcghequalscomplex.pas"/>
        <Caret Line="25" Column="73" TopLine="4"/>
      </Position11>
      <Position12>
        <Filename Value="src/test/testcghequalscomplex.pas"/>
        <Caret Line="8" Column="40" TopLine="1"/>
      </Position12>
      <Position13>
        <Filename Value="src/main/equals.pas"/>
        <Caret Line="8" Column="20" TopLine="1"/>
      </Position13>
      <Position14>
        <Filename Value="src/main/equals.pas"/>
        <Caret Line="99" Column="32" TopLine="79"/>
      </Position14>
      <Position15>
        <Filename Value="src/main/equals.pas"/>
        <Caret Line="101" Column="28" TopLine="81"/>
      </Position15>
      <Position16>
        <Filename Value="src/main/cghequalscomplex.pas"/>
        <Caret Line="101" Column="14" TopLine="92"/>
      </Position16>
      <Position17>
        <Filename Value="src/main/cghequalscomplex.pas"/>
        <Caret Line="51" Column="3" TopLine="30"/>
      </Position17>
      <Position18>
        <Filename Value="src/main/equals.pas"/>
        <Caret Line="8" Column="59" TopLine="1"/>
      </Position18>
    </JumpHistory>
  </ProjectOptions>
  <CompilerOptions>
    <Version Value="9"/>
    <SearchPaths>
      <IncludeFiles Value="$(ProjOutDir)"/>
      <OtherUnitFiles Value="src/main;src/test"/>
      <UnitOutputDirectory Value="build"/>
    </SearchPaths>
    <CodeGeneration>
      <Optimizations>
        <OptimizationLevel Value="0"/>
      </Optimizations>
    </CodeGeneration>
    <Linking>
      <Debugging>
        <GenerateDebugInfo Value="True"/>
      </Debugging>
    </Linking>
    <Other>
      <CompilerMessages>
        <UseMsgFile Value="True"/>
      </CompilerMessages>
      <CompilerPath Value="$(CompPath)"/>
    </Other>
  </CompilerOptions>
  <Debugging>
    <Exceptions Count="3">
      <Item1>
        <Name Value="EAbort"/>
      </Item1>
      <Item2>
        <Name Value="ECodetoolError"/>
      </Item2>
      <Item3>
        <Name Value="EFOpenError"/>
      </Item3>
    </Exceptions>
  </Debugging>
</CONFIG>
